
Microsoft Visual Studio Solution File, Format Version 12.00
# Visual Studio Version 17
VisualStudioVersion = 17.10.34916.146
MinimumVisualStudioVersion = 10.0.40219.1
Project("{9A19103F-16F7-4668-BE54-9A1E7A4F7556}") = "BookWebApp", "BookWebApp\BookWebApp.csproj", "{64EC51E9-2A26-4323-B61A-3F949E5C17A1}"
EndProject
Project("{9A19103F-16F7-4668-BE54-9A1E7A4F7556}") = "BookSystem", "BookSystem\BookSystem.csproj", "{85E9796A-8CBB-4BBF-BA45-886ADDE900B4}"
EndProject
Global
	GlobalSection(SolutionConfigurationPlatforms) = preSolution
		Debug|Any CPU = Debug|Any CPU
		Release|Any CPU = Release|Any CPU
	EndGlobalSection
	GlobalSection(ProjectConfigurationPlatforms) = postSolution
		{64EC51E9-2A26-4323-B61A-3F949E5C17A1}.Debug|Any CPU.ActiveCfg = Debug|Any CPU
		{64EC51E9-2A26-4323-B61A-3F949E5C17A1}.Debug|Any CPU.Build.0 = Debug|Any CPU
		{64EC51E9-2A26-4323-B61A-3F949E5C17A1}.Release|Any CPU.ActiveCfg = Release|Any CPU
		{64EC51E9-2A26-4323-B61A-3F949E5C17A1}.Release|Any CPU.Build.0 = Release|Any CPU
		{85E9796A-8CBB-4BBF-BA45-886ADDE900B4}.Debug|Any CPU.ActiveCfg = Debug|Any CPU
		{85E9796A-8CBB-4BBF-BA45-886ADDE900B4}.Debug|Any CPU.Build.0 = Debug|Any CPU
		{85E9796A-8CBB-4BBF-BA45-886ADDE900B4}.Release|Any CPU.ActiveCfg = Release|Any CPU
		{85E9796A-8CBB-4BBF-BA45-886ADDE900B4}.Release|Any CPU.Build.0 = Release|Any CPU
	EndGlobalSection
	GlobalSection(SolutionProperties) = preSolution
		HideSolutionNode = FALSE
	EndGlobalSection
	GlobalSection(ExtensibilityGlobals) = postSolution
		SolutionGuid = {9389E3CC-4AFF-445D-AFA7-A8C08EF5B68B}
	EndGlobalSection
EndGlobal
